// !$*UTF8*$!
{
	archiveVersion = 1;
	classes = {
	};
	objectVersion = 50;
	objects = {

/* Begin PBXBuildFile section */
		34957CB4256FA32D0057883E /* PhotoNamerApp.swift in Sources */ = {isa = PBXBuildFile; fileRef = 34957CB3256FA32D0057883E /* PhotoNamerApp.swift */; };
		34957CB6256FA32D0057883E /* ContentView.swift in Sources */ = {isa = PBXBuildFile; fileRef = 34957CB5256FA32D0057883E /* ContentView.swift */; };
		34957CB8256FA32E0057883E /* Assets.xcassets in Resources */ = {isa = PBXBuildFile; fileRef = 34957CB7256FA32E0057883E /* Assets.xcassets */; };
		34957CBB256FA32E0057883E /* Preview Assets.xcassets in Resources */ = {isa = PBXBuildFile; fileRef = 34957CBA256FA32E0057883E /* Preview Assets.xcassets */; };
		34957CC4256FA4160057883E /* ImagePicker.swift in Sources */ = {isa = PBXBuildFile; fileRef = 34957CC3256FA4160057883E /* ImagePicker.swift */; };
		34BEEB3C2574EB6F00338A1D /* EditPhotoName.swift in Sources */ = {isa = PBXBuildFile; fileRef = 34BEEB3B2574EB6F00338A1D /* EditPhotoName.swift */; };
		34C3759D25763BCF00C5D86F /* Photo.swift in Sources */ = {isa = PBXBuildFile; fileRef = 34C3759C25763BCF00C5D86F /* Photo.swift */; };
		34C375A025763E6C00C5D86F /* ImageSaver.swift in Sources */ = {isa = PBXBuildFile; fileRef = 34C3759F25763E6C00C5D86F /* ImageSaver.swift */; };
		34D10CC52578DDCF008F63EC /* PhotoCollection.swift in Sources */ = {isa = PBXBuildFile; fileRef = 34D10CC42578DDCF008F63EC /* PhotoCollection.swift */; };
		34D10CCB2578DFDC008F63EC /* Bundle-Decodeable.swift in Sources */ = {isa = PBXBuildFile; fileRef = 34D10CCA2578DFDC008F63EC /* Bundle-Decodeable.swift */; };
		7C13834A25869EAC00AF37A4 /* README.md in Resources */ = {isa = PBXBuildFile; fileRef = 7C13834925869EAC00AF37A4 /* README.md */; };
/* End PBXBuildFile section */

/* Begin PBXFileReference section */
		34957CB0256FA32D0057883E /* PhotoNamer.app */ = {isa = PBXFileReference; explicitFileType = wrapper.application; includeInIndex = 0; path = PhotoNamer.app; sourceTree = BUILT_PRODUCTS_DIR; };
		34957CB3256FA32D0057883E /* PhotoNamerApp.swift */ = {isa = PBXFileReference; lastKnownFileType = sourcecode.swift; path = PhotoNamerApp.swift; sourceTree = "<group>"; };
		34957CB5256FA32D0057883E /* ContentView.swift */ = {isa = PBXFileReference; lastKnownFileType = sourcecode.swift; path = ContentView.swift; sourceTree = "<group>"; };
		34957CB7256FA32E0057883E /* Assets.xcassets */ = {isa = PBXFileReference; lastKnownFileType = folder.assetcatalog; path = Assets.xcassets; sourceTree = "<group>"; };
		34957CBA256FA32E0057883E /* Preview Assets.xcassets */ = {isa = PBXFileReference; lastKnownFileType = folder.assetcatalog; path = "Preview Assets.xcassets"; sourceTree = "<group>"; };
		34957CBC256FA32E0057883E /* Info.plist */ = {isa = PBXFileReference; lastKnownFileType = text.plist.xml; path = Info.plist; sourceTree = "<group>"; };
		34957CC3256FA4160057883E /* ImagePicker.swift */ = {isa = PBXFileReference; lastKnownFileType = sourcecode.swift; path = ImagePicker.swift; sourceTree = "<group>"; };
		34BEEB3B2574EB6F00338A1D /* EditPhotoName.swift */ = {isa = PBXFileReference; lastKnownFileType = sourcecode.swift; path = EditPhotoName.swift; sourceTree = "<group>"; };
		34C3759C25763BCF00C5D86F /* Photo.swift */ = {isa = PBXFileReference; lastKnownFileType = sourcecode.swift; path = Photo.swift; sourceTree = "<group>"; };
		34C3759F25763E6C00C5D86F /* ImageSaver.swift */ = {isa = PBXFileReference; lastKnownFileType = sourcecode.swift; path = ImageSaver.swift; sourceTree = "<group>"; };
		34D10CC42578DDCF008F63EC /* PhotoCollection.swift */ = {isa = PBXFileReference; lastKnownFileType = sourcecode.swift; path = PhotoCollection.swift; sourceTree = "<group>"; };
		34D10CCA2578DFDC008F63EC /* Bundle-Decodeable.swift */ = {isa = PBXFileReference; lastKnownFileType = sourcecode.swift; path = "Bundle-Decodeable.swift"; sourceTree = "<group>"; };
		7C13834925869EAC00AF37A4 /* README.md */ = {isa = PBXFileReference; fileEncoding = 4; lastKnownFileType = net.daringfireball.markdown; path = README.md; sourceTree = "<group>"; };
/* End PBXFileReference section */

/* Begin PBXFrameworksBuildPhase section */
		34957CAD256FA32D0057883E /* Frameworks */ = {
			isa = PBXFrameworksBuildPhase;
			buildActionMask = 2147483647;
			files = (
			);
			runOnlyForDeploymentPostprocessing = 0;
		};
/* End PBXFrameworksBuildPhase section */

/* Begin PBXGroup section */
		34957CA7256FA32D0057883E = {
			isa = PBXGroup;
			children = (
				7C13834925869EAC00AF37A4 /* README.md */,
				34957CB2256FA32D0057883E /* PhotoNamer */,
				34957CB1256FA32D0057883E /* Products */,
			);
			sourceTree = "<group>";
		};
		34957CB1256FA32D0057883E /* Products */ = {
			isa = PBXGroup;
			children = (
				34957CB0256FA32D0057883E /* PhotoNamer.app */,
			);
			name = Products;
			sourceTree = "<group>";
		};
		34957CB2256FA32D0057883E /* PhotoNamer */ = {
			isa = PBXGroup;
			children = (
				34957CB3256FA32D0057883E /* PhotoNamerApp.swift */,
				34957CB5256FA32D0057883E /* ContentView.swift */,
				34957CB7256FA32E0057883E /* Assets.xcassets */,
				34957CBC256FA32E0057883E /* Info.plist */,
				34957CB9256FA32E0057883E /* Preview Content */,
				34957CC3256FA4160057883E /* ImagePicker.swift */,
				34BEEB3B2574EB6F00338A1D /* EditPhotoName.swift */,
				34C3759C25763BCF00C5D86F /* Photo.swift */,
				34C3759F25763E6C00C5D86F /* ImageSaver.swift */,
				34D10CC42578DDCF008F63EC /* PhotoCollection.swift */,
				34D10CCA2578DFDC008F63EC /* Bundle-Decodeable.swift */,
			);
			path = PhotoNamer;
			sourceTree = "<group>";
		};
		34957CB9256FA32E0057883E /* Preview Content */ = {
			isa = PBXGroup;
			children = (
				34957CBA256FA32E0057883E /* Preview Assets.xcassets */,
			);
			path = "Preview Content";
			sourceTree = "<group>";
		};
/* End PBXGroup section */

/* Begin PBXNativeTarget section */
		34957CAF256FA32D0057883E /* PhotoNamer */ = {
			isa = PBXNativeTarget;
			buildConfigurationList = 34957CBF256FA32E0057883E /* Build configuration list for PBXNativeTarget "PhotoNamer" */;
			buildPhases = (
				34957CAC256FA32D0057883E /* Sources */,
				34957CAD256FA32D0057883E /* Frameworks */,
				34957CAE256FA32D0057883E /* Resources */,
			);
			buildRules = (
			);
			dependencies = (
			);
			name = PhotoNamer;
			productName = PhotoNamer;
			productReference = 34957CB0256FA32D0057883E /* PhotoNamer.app */;
			productType = "com.apple.product-type.application";
		};
/* End PBXNativeTarget section */

/* Begin PBXProject section */
		34957CA8256FA32D0057883E /* Project object */ = {
			isa = PBXProject;
			attributes = {
				LastSwiftUpdateCheck = 1220;
				LastUpgradeCheck = 1220;
				TargetAttributes = {
					34957CAF256FA32D0057883E = {
						CreatedOnToolsVersion = 12.2;
					};
				};
			};
			buildConfigurationList = 34957CAB256FA32D0057883E /* Build configuration list for PBXProject "PhotoNamer" */;
			compatibilityVersion = "Xcode 9.3";
			developmentRegion = en;
			hasScannedForEncodings = 0;
			knownRegions = (
				en,
				Base,
			);
			mainGroup = 34957CA7256FA32D0057883E;
			productRefGroup = 34957CB1256FA32D0057883E /* Products */;
			projectDirPath = "";
			projectRoot = "";
			targets = (
				34957CAF256FA32D0057883E /* PhotoNamer */,
			);
		};
/* End PBXProject section */

/* Begin PBXResourcesBuildPhase section */
		34957CAE256FA32D0057883E /* Resources */ = {
			isa = PBXResourcesBuildPhase;
			buildActionMask = 2147483647;
			files = (
				34957CBB256FA32E0057883E /* Preview Assets.xcassets in Resources */,
				7C13834A25869EAC00AF37A4 /* README.md in Resources */,
				34957CB8256FA32E0057883E /* Assets.xcassets in Resources */,
			);
			runOnlyForDeploymentPostprocessing = 0;
		};
/* End PBXResourcesBuildPhase section */

/* Begin PBXSourcesBuildPhase section */
		34957CAC256FA32D0057883E /* Sources */ = {
			isa = PBXSourcesBuildPhase;
			buildActionMask = 2147483647;
			files = (
				34957CC4256FA4160057883E /* ImagePicker.swift in Sources */,
				34D10CCB2578DFDC008F63EC /* Bundle-Decodeable.swift in Sources */,
				34C375A025763E6C00C5D86F /* ImageSaver.swift in Sources */,
				34D10CC52578DDCF008F63EC /* PhotoCollection.swift in Sources */,
				34957CB6256FA32D0057883E /* ContentView.swift in Sources */,
				34957CB4256FA32D0057883E /* PhotoNamerApp.swift in Sources */,
				34BEEB3C2574EB6F00338A1D /* EditPhotoName.swift in Sources */,
				34C3759D25763BCF00C5D86F /* Photo.swift in Sources */,
			);
			runOnlyForDeploymentPostprocessing = 0;
		};
/* End PBXSourcesBuildPhase section */

/* Begin XCBuildConfiguration section */
		34957CBD256FA32E0057883E /* Debug */ = {
			isa = XCBuildConfiguration;
			buildSettings = {
				ALWAYS_SEARCH_USER_PATHS = NO;
				CLANG_ANALYZER_NONNULL = YES;
				CLANG_ANALYZER_NUMBER_OBJECT_CONVERSION = YES_AGGRESSIVE;
				CLANG_CXX_LANGUAGE_STANDARD = "gnu++14";
				CLANG_CXX_LIBRARY = "libc++";
				CLANG_ENABLE_MODULES = YES;
				CLANG_ENABLE_OBJC_ARC = YES;
				CLANG_ENABLE_OBJC_WEAK = YES;
				CLANG_WARN_BLOCK_CAPTURE_AUTORELEASING = YES;
				CLANG_WARN_BOOL_CONVERSION = YES;
				CLANG_WARN_COMMA = YES;
				CLANG_WARN_CONSTANT_CONVERSION = YES;
				CLANG_WARN_DEPRECATED_OBJC_IMPLEMENTATIONS = YES;
				CLANG_WARN_DIRECT_OBJC_ISA_USAGE = YES_ERROR;
				CLANG_WARN_DOCUMENTATION_COMMENTS = YES;
				CLANG_WARN_EMPTY_BODY = YES;
				CLANG_WARN_ENUM_CONVERSION = YES;
				CLANG_WARN_INFINITE_RECURSION = YES;
				CLANG_WARN_INT_CONVERSION = YES;
				CLANG_WARN_NON_LITERAL_NULL_CONVERSION = YES;
				CLANG_WARN_OBJC_IMPLICIT_RETAIN_SELF = YES;
				CLANG_WARN_OBJC_LITERAL_CONVERSION = YES;
				CLANG_WARN_OBJC_ROOT_CLASS = YES_ERROR;
				CLANG_WARN_QUOTED_INCLUDE_IN_FRAMEWORK_HEADER = YES;
				CLANG_WARN_RANGE_LOOP_ANALYSIS = YES;
				CLANG_WARN_STRICT_PROTOTYPES = YES;
				CLANG_WARN_SUSPICIOUS_MOVE = YES;
				CLANG_WARN_UNGUARDED_AVAILABILITY = YES_AGGRESSIVE;
				CLANG_WARN_UNREACHABLE_CODE = YES;
				CLANG_WARN__DUPLICATE_METHOD_MATCH = YES;
				COPY_PHASE_STRIP = NO;
				DEBUG_INFORMATION_FORMAT = dwarf;
				ENABLE_STRICT_OBJC_MSGSEND = YES;
				ENABLE_TESTABILITY = YES;
				GCC_C_LANGUAGE_STANDARD = gnu11;
				GCC_DYNAMIC_NO_PIC = NO;
				GCC_NO_COMMON_BLOCKS = YES;
				GCC_OPTIMIZATION_LEVEL = 0;
				GCC_PREPROCESSOR_DEFINITIONS = (
					"DEBUG=1",
					"$(inherited)",
				);
				GCC_WARN_64_TO_32_BIT_CONVERSION = YES;
				GCC_WARN_ABOUT_RETURN_TYPE = YES_ERROR;
				GCC_WARN_UNDECLARED_SELECTOR = YES;
				GCC_WARN_UNINITIALIZED_AUTOS = YES_AGGRESSIVE;
				GCC_WARN_UNUSED_FUNCTION = YES;
				GCC_WARN_UNUSED_VARIABLE = YES;
				IPHONEOS_DEPLOYMENT_TARGET = 14.2;
				MTL_ENABLE_DEBUG_INFO = INCLUDE_SOURCE;
				MTL_FAST_MATH = YES;
				ONLY_ACTIVE_ARCH = YES;
				SDKROOT = iphoneos;
				SWIFT_ACTIVE_COMPILATION_CONDITIONS = DEBUG;
				SWIFT_OPTIMIZATION_LEVEL = "-Onone";
			};
			name = Debug;
		};
		34957CBE256FA32E0057883E /* Release */ = {
			isa = XCBuildConfiguration;
			buildSettings = {
				ALWAYS_SEARCH_USER_PATHS = NO;
				CLANG_ANALYZER_NONNULL = YES;
				CLANG_ANALYZER_NUMBER_OBJECT_CONVERSION = YES_AGGRESSIVE;
				CLANG_CXX_LANGUAGE_STANDARD = "gnu++14";
				CLANG_CXX_LIBRARY = "libc++";
				CLANG_ENABLE_MODULES = YES;
				CLANG_ENABLE_OBJC_ARC = YES;
				CLANG_ENABLE_OBJC_WEAK = YES;
				CLANG_WARN_BLOCK_CAPTURE_AUTORELEASING = YES;
				CLANG_WARN_BOOL_CONVERSION = YES;
				CLANG_WARN_COMMA = YES;
				CLANG_WARN_CONSTANT_CONVERSION = YES;
				CLANG_WARN_DEPRECATED_OBJC_IMPLEMENTATIONS = YES;
				CLANG_WARN_DIRECT_OBJC_ISA_USAGE = YES_ERROR;
				CLANG_WARN_DOCUMENTATION_COMMENTS = YES;
				CLANG_WARN_EMPTY_BODY = YES;
				CLANG_WARN_ENUM_CONVERSION = YES;
				CLANG_WARN_INFINITE_RECURSION = YES;
				CLANG_WARN_INT_CONVERSION = YES;
				CLANG_WARN_NON_LITERAL_NULL_CONVERSION = YES;
				CLANG_WARN_OBJC_IMPLICIT_RETAIN_SELF = YES;
				CLANG_WARN_OBJC_LITERAL_CONVERSION = YES;
				CLANG_WARN_OBJC_ROOT_CLASS = YES_ERROR;
				CLANG_WARN_QUOTED_INCLUDE_IN_FRAMEWORK_HEADER = YES;
				CLANG_WARN_RANGE_LOOP_ANALYSIS = YES;
				CLANG_WARN_STRICT_PROTOTYPES = YES;
				CLANG_WARN_SUSPICIOUS_MOVE = YES;
				CLANG_WARN_UNGUARDED_AVAILABILITY = YES_AGGRESSIVE;
				CLANG_WARN_UNREACHABLE_CODE = YES;
				CLANG_WARN__DUPLICATE_METHOD_MATCH = YES;
				COPY_PHASE_STRIP = NO;
				DEBUG_INFORMATION_FORMAT = "dwarf-with-dsym";
				ENABLE_NS_ASSERTIONS = NO;
				ENABLE_STRICT_OBJC_MSGSEND = YES;
				GCC_C_LANGUAGE_STANDARD = gnu11;
				GCC_NO_COMMON_BLOCKS = YES;
				GCC_WARN_64_TO_32_BIT_CONVERSION = YES;
				GCC_WARN_ABOUT_RETURN_TYPE = YES_ERROR;
				GCC_WARN_UNDECLARED_SELECTOR = YES;
				GCC_WARN_UNINITIALIZED_AUTOS = YES_AGGRESSIVE;
				GCC_WARN_UNUSED_FUNCTION = YES;
				GCC_WARN_UNUSED_VARIABLE = YES;
				IPHONEOS_DEPLOYMENT_TARGET = 14.2;
				MTL_ENABLE_DEBUG_INFO = NO;
				MTL_FAST_MATH = YES;
				SDKROOT = iphoneos;
				SWIFT_COMPILATION_MODE = wholemodule;
				SWIFT_OPTIMIZATION_LEVEL = "-O";
				VALIDATE_PRODUCT = YES;
			};
			name = Release;
		};
		34957CC0256FA32E0057883E /* Debug */ = {
			isa = XCBuildConfiguration;
			buildSettings = {
				ASSETCATALOG_COMPILER_APPICON_NAME = AppIcon;
				ASSETCATALOG_COMPILER_GLOBAL_ACCENT_COLOR_NAME = AccentColor;
				CODE_SIGN_STYLE = Automatic;
				DEVELOPMENT_ASSET_PATHS = "\"PhotoNamer/Preview Content\"";
				DEVELOPMENT_TEAM = MYW9FQS392;
				ENABLE_PREVIEWS = YES;
				INFOPLIST_FILE = PhotoNamer/Info.plist;
				IPHONEOS_DEPLOYMENT_TARGET = 14.0;
				LD_RUNPATH_SEARCH_PATHS = (
					"$(inherited)",
					"@executable_path/Frameworks",
				);
				PRODUCT_BUNDLE_IDENTIFIER = com.shanedonnelly.PhotoNamer;
				PRODUCT_NAME = "$(TARGET_NAME)";
				SWIFT_VERSION = 5.0;
				TARGETED_DEVICE_FAMILY = "1,2";
			};
			name = Debug;
		};
		34957CC1256FA32E0057883E /* Release */ = {
			isa = XCBuildConfiguration;
			buildSettings = {
				ASSETCATALOG_COMPILER_APPICON_NAME = AppIcon;
				ASSETCATALOG_COMPILER_GLOBAL_ACCENT_COLOR_NAME = AccentColor;
				CODE_SIGN_STYLE = Automatic;
				DEVELOPMENT_ASSET_PATHS = "\"PhotoNamer/Preview Content\"";
				DEVELOPMENT_TEAM = MYW9FQS392;
				ENABLE_PREVIEWS = YES;
				INFOPLIST_FILE = PhotoNamer/Info.plist;
				IPHONEOS_DEPLOYMENT_TARGET = 14.0;
				LD_RUNPATH_SEARCH_PATHS = (
					"$(inherited)",
					"@executable_path/Frameworks",
				);
				PRODUCT_BUNDLE_IDENTIFIER = com.shanedonnelly.PhotoNamer;
				PRODUCT_NAME = "$(TARGET_NAME)";
				SWIFT_VERSION = 5.0;
				TARGETED_DEVICE_FAMILY = "1,2";
			};
			name = Release;
		};
/* End XCBuildConfiguration section */

/* Begin XCConfigurationList section */
		34957CAB256FA32D0057883E /* Build configuration list for PBXProject "PhotoNamer" */ = {
			isa = XCConfigurationList;
			buildConfigurations = (
				34957CBD256FA32E0057883E /* Debug */,
				34957CBE256FA32E0057883E /* Release */,
			);
			defaultConfigurationIsVisible = 0;
			defaultConfigurationName = Release;
		};
		34957CBF256FA32E0057883E /* Build configuration list for PBXNativeTarget "PhotoNamer" */ = {
			isa = XCConfigurationList;
			buildConfigurations = (
				34957CC0256FA32E0057883E /* Debug */,
				34957CC1256FA32E0057883E /* Release */,
			);
			defaultConfigurationIsVisible = 0;
			defaultConfigurationName = Release;
		};
/* End XCConfigurationList section */
	};
	rootObject = 34957CA8256FA32D0057883E /* Project object */;
}
